
Microsoft Visual Studio Solution File, Format Version 12.00
# Visual Studio 2012
Project("{8BC9CEB8-8B4A-11D0-8D11-00A0C91BC942}") = "RobotAIFactory", "RobotAIFactory\RobotAIFactory.vcxproj", "{82553972-45DB-4DE3-95A5-E53884AD4F00}"
EndProject
Global
	GlobalSection(SolutionConfigurationPlatforms) = preSolution
		Debug|Win32 = Debug|Win32
		Release|Win32 = Release|Win32
	EndGlobalSection
	GlobalSection(ProjectConfigurationPlatforms) = postSolution
		{82553972-45DB-4DE3-95A5-E53884AD4F00}.Debug|Win32.ActiveCfg = Debug|Win32
		{82553972-45DB-4DE3-95A5-E53884AD4F00}.Debug|Win32.Build.0 = Debug|Win32
		{82553972-45DB-4DE3-95A5-E53884AD4F00}.Release|Win32.ActiveCfg = Release|Win32
		{82553972-45DB-4DE3-95A5-E53884AD4F00}.Release|Win32.Build.0 = Release|Win32
	EndGlobalSection
	GlobalSection(SolutionProperties) = preSolution
		HideSolutionNode = FALSE
	EndGlobalSection
EndGlobal
